// !$*UTF8*$!
{
	archiveVersion = 1;
	classes = {
	};
	objectVersion = 50;
	objects = {

/* Begin PBXBuildFile section */
		84194F79246AEECD00FC8D6F /* Bundle-Decodable.swift in Sources */ = {isa = PBXBuildFile; fileRef = 84194F78246AEECD00FC8D6F /* Bundle-Decodable.swift */; };
		84194F7F246AF46E00FC8D6F /* activeChats.json in Resources */ = {isa = PBXBuildFile; fileRef = 84194F7E246AF46E00FC8D6F /* activeChats.json */; };
		84194F81246AF48500FC8D6F /* waitingChats.json in Resources */ = {isa = PBXBuildFile; fileRef = 84194F80246AF48500FC8D6F /* waitingChats.json */; };
		84194F84246C3BB900FC8D6F /* ActiveChatCell.swift in Sources */ = {isa = PBXBuildFile; fileRef = 84194F83246C3BB900FC8D6F /* ActiveChatCell.swift */; };
		84194F86246D94CA00FC8D6F /* GradientView.swift in Sources */ = {isa = PBXBuildFile; fileRef = 84194F85246D94CA00FC8D6F /* GradientView.swift */; };
		84194F88246EE0AA00FC8D6F /* WaitingChatCell.swift in Sources */ = {isa = PBXBuildFile; fileRef = 84194F87246EE0AA00FC8D6F /* WaitingChatCell.swift */; };
		84194F8A246EE1E300FC8D6F /* SelfConfiguringCell.swift in Sources */ = {isa = PBXBuildFile; fileRef = 84194F89246EE1E300FC8D6F /* SelfConfiguringCell.swift */; };
		84194F8D2472D55F00FC8D6F /* SectionHeader.swift in Sources */ = {isa = PBXBuildFile; fileRef = 84194F8C2472D55F00FC8D6F /* SectionHeader.swift */; };
		84194F93247820F900FC8D6F /* users.json in Resources */ = {isa = PBXBuildFile; fileRef = 84194F92247820F800FC8D6F /* users.json */; };
		84194F95247821BC00FC8D6F /* MUser.swift in Sources */ = {isa = PBXBuildFile; fileRef = 84194F94247821BC00FC8D6F /* MUser.swift */; };
		84194F97247821CB00FC8D6F /* MChat.swift in Sources */ = {isa = PBXBuildFile; fileRef = 84194F96247821CB00FC8D6F /* MChat.swift */; };
		8421CF10244DF30600EB57C3 /* SetupProfileViewController.swift in Sources */ = {isa = PBXBuildFile; fileRef = 8421CF0F244DF30600EB57C3 /* SetupProfileViewController.swift */; };
		8421CF12244DF68100EB57C3 /* AddPhotoView.swift in Sources */ = {isa = PBXBuildFile; fileRef = 8421CF11244DF68100EB57C3 /* AddPhotoView.swift */; };
		8421CF14244F447700EB57C3 /* SegmentedControl + Extension.swift in Sources */ = {isa = PBXBuildFile; fileRef = 8421CF13244F447700EB57C3 /* SegmentedControl + Extension.swift */; };
		84626D042444B4C000EE6169 /* LoginViewController.swift in Sources */ = {isa = PBXBuildFile; fileRef = 84626D032444B4C000EE6169 /* LoginViewController.swift */; };
		84704EB6247D66AA0091EC77 /* UserCell.swift in Sources */ = {isa = PBXBuildFile; fileRef = 84704EB5247D66AA0091EC77 /* UserCell.swift */; };
		84704EB8247D69540091EC77 /* UIViewController + Extension.swift in Sources */ = {isa = PBXBuildFile; fileRef = 84704EB7247D69540091EC77 /* UIViewController + Extension.swift */; };
		849129E7243E12D0007EB251 /* ButtonFormView.swift in Sources */ = {isa = PBXBuildFile; fileRef = 849129E6243E12D0007EB251 /* ButtonFormView.swift */; };
		849129E9243E18E9007EB251 /* StackView + Extension.swift in Sources */ = {isa = PBXBuildFile; fileRef = 849129E8243E18E9007EB251 /* StackView + Extension.swift */; };
		849129EB2440C053007EB251 /* SignUpViewController.swift in Sources */ = {isa = PBXBuildFile; fileRef = 849129EA2440C053007EB251 /* SignUpViewController.swift */; };
		849129ED2440C4A4007EB251 /* OneLineTextField.swift in Sources */ = {isa = PBXBuildFile; fileRef = 849129EC2440C4A4007EB251 /* OneLineTextField.swift */; };
		849DBE05243B802D000DF7A6 /* AppDelegate.swift in Sources */ = {isa = PBXBuildFile; fileRef = 849DBE04243B802D000DF7A6 /* AppDelegate.swift */; };
		849DBE07243B802D000DF7A6 /* SceneDelegate.swift in Sources */ = {isa = PBXBuildFile; fileRef = 849DBE06243B802D000DF7A6 /* SceneDelegate.swift */; };
		849DBE09243B802D000DF7A6 /* AuthViewController.swift in Sources */ = {isa = PBXBuildFile; fileRef = 849DBE08243B802D000DF7A6 /* AuthViewController.swift */; };
		849DBE0E243B8033000DF7A6 /* Assets.xcassets in Resources */ = {isa = PBXBuildFile; fileRef = 849DBE0D243B8033000DF7A6 /* Assets.xcassets */; };
		849DBE11243B8033000DF7A6 /* LaunchScreen.storyboard in Resources */ = {isa = PBXBuildFile; fileRef = 849DBE0F243B8033000DF7A6 /* LaunchScreen.storyboard */; };
		849DBE19243CCD4E000DF7A6 /* UIButton + Extension.swift in Sources */ = {isa = PBXBuildFile; fileRef = 849DBE18243CCD4E000DF7A6 /* UIButton + Extension.swift */; };
		849DBE1B243CD145000DF7A6 /* UIFont + Extension.swift in Sources */ = {isa = PBXBuildFile; fileRef = 849DBE1A243CD145000DF7A6 /* UIFont + Extension.swift */; };
		849DBE1D243CD298000DF7A6 /* UIColor + Extension.swift in Sources */ = {isa = PBXBuildFile; fileRef = 849DBE1C243CD298000DF7A6 /* UIColor + Extension.swift */; };
		849DBE1F243CD559000DF7A6 /* UILabel + Extension.swift in Sources */ = {isa = PBXBuildFile; fileRef = 849DBE1E243CD559000DF7A6 /* UILabel + Extension.swift */; };
		84DAE245243CD7E4008A30B1 /* UIImageView + Extension.swift in Sources */ = {isa = PBXBuildFile; fileRef = 84DAE244243CD7E4008A30B1 /* UIImageView + Extension.swift */; };
		84E2D2C42450941C00FE0A06 /* MainTabBarController.swift in Sources */ = {isa = PBXBuildFile; fileRef = 84E2D2C32450941C00FE0A06 /* MainTabBarController.swift */; };
		84E2D2C7245094D000FE0A06 /* ListViewController.swift in Sources */ = {isa = PBXBuildFile; fileRef = 84E2D2C6245094D000FE0A06 /* ListViewController.swift */; };
		84E2D2C9245096AC00FE0A06 /* PeopleViewController.swift in Sources */ = {isa = PBXBuildFile; fileRef = 84E2D2C8245096AC00FE0A06 /* PeopleViewController.swift */; };
/* End PBXBuildFile section */

/* Begin PBXFileReference section */
		84194F78246AEECD00FC8D6F /* Bundle-Decodable.swift */ = {isa = PBXFileReference; lastKnownFileType = sourcecode.swift; path = "Bundle-Decodable.swift"; sourceTree = "<group>"; };
		84194F7E246AF46E00FC8D6F /* activeChats.json */ = {isa = PBXFileReference; fileEncoding = 4; lastKnownFileType = text.json; path = activeChats.json; sourceTree = "<group>"; };
		84194F80246AF48500FC8D6F /* waitingChats.json */ = {isa = PBXFileReference; fileEncoding = 4; lastKnownFileType = text.json; path = waitingChats.json; sourceTree = "<group>"; };
		84194F83246C3BB900FC8D6F /* ActiveChatCell.swift */ = {isa = PBXFileReference; lastKnownFileType = sourcecode.swift; path = ActiveChatCell.swift; sourceTree = "<group>"; };
		84194F85246D94CA00FC8D6F /* GradientView.swift */ = {isa = PBXFileReference; lastKnownFileType = sourcecode.swift; path = GradientView.swift; sourceTree = "<group>"; };
		84194F87246EE0AA00FC8D6F /* WaitingChatCell.swift */ = {isa = PBXFileReference; lastKnownFileType = sourcecode.swift; path = WaitingChatCell.swift; sourceTree = "<group>"; };
		84194F89246EE1E300FC8D6F /* SelfConfiguringCell.swift */ = {isa = PBXFileReference; lastKnownFileType = sourcecode.swift; path = SelfConfiguringCell.swift; sourceTree = "<group>"; };
		84194F8C2472D55F00FC8D6F /* SectionHeader.swift */ = {isa = PBXFileReference; lastKnownFileType = sourcecode.swift; path = SectionHeader.swift; sourceTree = "<group>"; };
		84194F92247820F800FC8D6F /* users.json */ = {isa = PBXFileReference; fileEncoding = 4; lastKnownFileType = text.json; name = users.json; path = "../../../Downloads/Telegram Desktop/20. урок/IChat/users.json"; sourceTree = "<group>"; };
		84194F94247821BC00FC8D6F /* MUser.swift */ = {isa = PBXFileReference; lastKnownFileType = sourcecode.swift; path = MUser.swift; sourceTree = "<group>"; };
		84194F96247821CB00FC8D6F /* MChat.swift */ = {isa = PBXFileReference; lastKnownFileType = sourcecode.swift; path = MChat.swift; sourceTree = "<group>"; };
		8421CF0F244DF30600EB57C3 /* SetupProfileViewController.swift */ = {isa = PBXFileReference; lastKnownFileType = sourcecode.swift; path = SetupProfileViewController.swift; sourceTree = "<group>"; };
		8421CF11244DF68100EB57C3 /* AddPhotoView.swift */ = {isa = PBXFileReference; lastKnownFileType = sourcecode.swift; path = AddPhotoView.swift; sourceTree = "<group>"; };
		8421CF13244F447700EB57C3 /* SegmentedControl + Extension.swift */ = {isa = PBXFileReference; lastKnownFileType = sourcecode.swift; path = "SegmentedControl + Extension.swift"; sourceTree = "<group>"; };
		84626D032444B4C000EE6169 /* LoginViewController.swift */ = {isa = PBXFileReference; lastKnownFileType = sourcecode.swift; path = LoginViewController.swift; sourceTree = "<group>"; };
		84704EB5247D66AA0091EC77 /* UserCell.swift */ = {isa = PBXFileReference; lastKnownFileType = sourcecode.swift; path = UserCell.swift; sourceTree = "<group>"; };
		84704EB7247D69540091EC77 /* UIViewController + Extension.swift */ = {isa = PBXFileReference; lastKnownFileType = sourcecode.swift; path = "UIViewController + Extension.swift"; sourceTree = "<group>"; };
		849129E6243E12D0007EB251 /* ButtonFormView.swift */ = {isa = PBXFileReference; lastKnownFileType = sourcecode.swift; path = ButtonFormView.swift; sourceTree = "<group>"; };
		849129E8243E18E9007EB251 /* StackView + Extension.swift */ = {isa = PBXFileReference; lastKnownFileType = sourcecode.swift; path = "StackView + Extension.swift"; sourceTree = "<group>"; };
		849129EA2440C053007EB251 /* SignUpViewController.swift */ = {isa = PBXFileReference; lastKnownFileType = sourcecode.swift; path = SignUpViewController.swift; sourceTree = "<group>"; };
		849129EC2440C4A4007EB251 /* OneLineTextField.swift */ = {isa = PBXFileReference; lastKnownFileType = sourcecode.swift; path = OneLineTextField.swift; sourceTree = "<group>"; };
		849DBE01243B802D000DF7A6 /* iChat.app */ = {isa = PBXFileReference; explicitFileType = wrapper.application; includeInIndex = 0; path = iChat.app; sourceTree = BUILT_PRODUCTS_DIR; };
		849DBE04243B802D000DF7A6 /* AppDelegate.swift */ = {isa = PBXFileReference; lastKnownFileType = sourcecode.swift; path = AppDelegate.swift; sourceTree = "<group>"; };
		849DBE06243B802D000DF7A6 /* SceneDelegate.swift */ = {isa = PBXFileReference; lastKnownFileType = sourcecode.swift; path = SceneDelegate.swift; sourceTree = "<group>"; };
		849DBE08243B802D000DF7A6 /* AuthViewController.swift */ = {isa = PBXFileReference; lastKnownFileType = sourcecode.swift; path = AuthViewController.swift; sourceTree = "<group>"; };
		849DBE0D243B8033000DF7A6 /* Assets.xcassets */ = {isa = PBXFileReference; lastKnownFileType = folder.assetcatalog; path = Assets.xcassets; sourceTree = "<group>"; };
		849DBE10243B8033000DF7A6 /* Base */ = {isa = PBXFileReference; lastKnownFileType = file.storyboard; name = Base; path = Base.lproj/LaunchScreen.storyboard; sourceTree = "<group>"; };
		849DBE12243B8033000DF7A6 /* Info.plist */ = {isa = PBXFileReference; lastKnownFileType = text.plist.xml; path = Info.plist; sourceTree = "<group>"; };
		849DBE18243CCD4E000DF7A6 /* UIButton + Extension.swift */ = {isa = PBXFileReference; lastKnownFileType = sourcecode.swift; path = "UIButton + Extension.swift"; sourceTree = "<group>"; };
		849DBE1A243CD145000DF7A6 /* UIFont + Extension.swift */ = {isa = PBXFileReference; lastKnownFileType = sourcecode.swift; path = "UIFont + Extension.swift"; sourceTree = "<group>"; };
		849DBE1C243CD298000DF7A6 /* UIColor + Extension.swift */ = {isa = PBXFileReference; lastKnownFileType = sourcecode.swift; path = "UIColor + Extension.swift"; sourceTree = "<group>"; };
		849DBE1E243CD559000DF7A6 /* UILabel + Extension.swift */ = {isa = PBXFileReference; lastKnownFileType = sourcecode.swift; path = "UILabel + Extension.swift"; sourceTree = "<group>"; };
		84DAE244243CD7E4008A30B1 /* UIImageView + Extension.swift */ = {isa = PBXFileReference; lastKnownFileType = sourcecode.swift; path = "UIImageView + Extension.swift"; sourceTree = "<group>"; };
		84E2D2C32450941C00FE0A06 /* MainTabBarController.swift */ = {isa = PBXFileReference; lastKnownFileType = sourcecode.swift; path = MainTabBarController.swift; sourceTree = "<group>"; };
		84E2D2C6245094D000FE0A06 /* ListViewController.swift */ = {isa = PBXFileReference; lastKnownFileType = sourcecode.swift; path = ListViewController.swift; sourceTree = "<group>"; };
		84E2D2C8245096AC00FE0A06 /* PeopleViewController.swift */ = {isa = PBXFileReference; lastKnownFileType = sourcecode.swift; path = PeopleViewController.swift; sourceTree = "<group>"; };
/* End PBXFileReference section */

/* Begin PBXFrameworksBuildPhase section */
		849DBDFE243B802D000DF7A6 /* Frameworks */ = {
			isa = PBXFrameworksBuildPhase;
			buildActionMask = 2147483647;
			files = (
			);
			runOnlyForDeploymentPostprocessing = 0;
		};
/* End PBXFrameworksBuildPhase section */

/* Begin PBXGroup section */
		84194F82246C3B9E00FC8D6F /* Cell */ = {
			isa = PBXGroup;
			children = (
				84194F83246C3BB900FC8D6F /* ActiveChatCell.swift */,
				84704EB5247D66AA0091EC77 /* UserCell.swift */,
				84194F87246EE0AA00FC8D6F /* WaitingChatCell.swift */,
			);
			path = Cell;
			sourceTree = "<group>";
		};
		84194F8B246EE22C00FC8D6F /* Protocols */ = {
			isa = PBXGroup;
			children = (
				84194F89246EE1E300FC8D6F /* SelfConfiguringCell.swift */,
			);
			path = Protocols;
			sourceTree = "<group>";
		};
		84194F8E2478200B00FC8D6F /* Header */ = {
			isa = PBXGroup;
			children = (
				84194F8C2472D55F00FC8D6F /* SectionHeader.swift */,
			);
			path = Header;
			sourceTree = "<group>";
		};
		84194F982478226C00FC8D6F /* Models */ = {
			isa = PBXGroup;
			children = (
				84194F94247821BC00FC8D6F /* MUser.swift */,
				84194F96247821CB00FC8D6F /* MChat.swift */,
			);
			path = Models;
			sourceTree = "<group>";
		};
		849129E4243E0DE3007EB251 /* UIKit */ = {
			isa = PBXGroup;
			children = (
				849DBE1E243CD559000DF7A6 /* UILabel + Extension.swift */,
				84704EB7247D69540091EC77 /* UIViewController + Extension.swift */,
				849DBE1C243CD298000DF7A6 /* UIColor + Extension.swift */,
				849129E8243E18E9007EB251 /* StackView + Extension.swift */,
				8421CF13244F447700EB57C3 /* SegmentedControl + Extension.swift */,
				84DAE244243CD7E4008A30B1 /* UIImageView + Extension.swift */,
				849DBE1A243CD145000DF7A6 /* UIFont + Extension.swift */,
				849DBE18243CCD4E000DF7A6 /* UIButton + Extension.swift */,
			);
			path = UIKit;
			sourceTree = "<group>";
		};
		849129E5243E0DF3007EB251 /* Extensions */ = {
			isa = PBXGroup;
			children = (
				8421CF11244DF68100EB57C3 /* AddPhotoView.swift */,
				849129EC2440C4A4007EB251 /* OneLineTextField.swift */,
				84194F85246D94CA00FC8D6F /* GradientView.swift */,
				84194F78246AEECD00FC8D6F /* Bundle-Decodable.swift */,
				849129E6243E12D0007EB251 /* ButtonFormView.swift */,
				849129E4243E0DE3007EB251 /* UIKit */,
			);
			path = Extensions;
			sourceTree = "<group>";
		};
		849DBDF8243B802D000DF7A6 = {
			isa = PBXGroup;
			children = (
				849DBE03243B802D000DF7A6 /* iChat */,
				849DBE02243B802D000DF7A6 /* Products */,
			);
			sourceTree = "<group>";
		};
		849DBE02243B802D000DF7A6 /* Products */ = {
			isa = PBXGroup;
			children = (
				849DBE01243B802D000DF7A6 /* iChat.app */,
			);
			name = Products;
			sourceTree = "<group>";
		};
		849DBE03243B802D000DF7A6 /* iChat */ = {
			isa = PBXGroup;
			children = (
				849DBE04243B802D000DF7A6 /* AppDelegate.swift */,
				849DBE06243B802D000DF7A6 /* SceneDelegate.swift */,
				84194F982478226C00FC8D6F /* Models */,
				84E2D2C5245094AF00FE0A06 /* Controllers */,
				84E2D2C2245093AC00FE0A06 /* SignIn&Auth */,
				84194F8B246EE22C00FC8D6F /* Protocols */,
				849129E5243E0DF3007EB251 /* Extensions */,
				849DBE0D243B8033000DF7A6 /* Assets.xcassets */,
				84194F7E246AF46E00FC8D6F /* activeChats.json */,
				84194F80246AF48500FC8D6F /* waitingChats.json */,
				84194F92247820F800FC8D6F /* users.json */,
				849DBE0F243B8033000DF7A6 /* LaunchScreen.storyboard */,
				849DBE12243B8033000DF7A6 /* Info.plist */,
			);
			path = iChat;
			sourceTree = "<group>";
		};
		84E2D2C2245093AC00FE0A06 /* SignIn&Auth */ = {
			isa = PBXGroup;
			children = (
				849DBE08243B802D000DF7A6 /* AuthViewController.swift */,
				849129EA2440C053007EB251 /* SignUpViewController.swift */,
				84626D032444B4C000EE6169 /* LoginViewController.swift */,
				8421CF0F244DF30600EB57C3 /* SetupProfileViewController.swift */,
			);
			path = "SignIn&Auth";
			sourceTree = "<group>";
		};
		84E2D2C5245094AF00FE0A06 /* Controllers */ = {
			isa = PBXGroup;
			children = (
				84E2D2C32450941C00FE0A06 /* MainTabBarController.swift */,
				84E2D2C6245094D000FE0A06 /* ListViewController.swift */,
				84E2D2C8245096AC00FE0A06 /* PeopleViewController.swift */,
				84194F82246C3B9E00FC8D6F /* Cell */,
				84194F8E2478200B00FC8D6F /* Header */,
			);
			path = Controllers;
			sourceTree = "<group>";
		};
/* End PBXGroup section */

/* Begin PBXNativeTarget section */
		849DBE00243B802D000DF7A6 /* iChat */ = {
			isa = PBXNativeTarget;
			buildConfigurationList = 849DBE15243B8033000DF7A6 /* Build configuration list for PBXNativeTarget "iChat" */;
			buildPhases = (
				849DBDFD243B802D000DF7A6 /* Sources */,
				849DBDFE243B802D000DF7A6 /* Frameworks */,
				849DBDFF243B802D000DF7A6 /* Resources */,
			);
			buildRules = (
			);
			dependencies = (
			);
			name = iChat;
			productName = iChat;
			productReference = 849DBE01243B802D000DF7A6 /* iChat.app */;
			productType = "com.apple.product-type.application";
		};
/* End PBXNativeTarget section */

/* Begin PBXProject section */
		849DBDF9243B802D000DF7A6 /* Project object */ = {
			isa = PBXProject;
			attributes = {
				LastSwiftUpdateCheck = 1130;
				LastUpgradeCheck = 1130;
				ORGANIZATIONNAME = "Timur Korolev";
				TargetAttributes = {
					849DBE00243B802D000DF7A6 = {
						CreatedOnToolsVersion = 11.3.1;
					};
				};
			};
			buildConfigurationList = 849DBDFC243B802D000DF7A6 /* Build configuration list for PBXProject "iChat" */;
			compatibilityVersion = "Xcode 9.3";
			developmentRegion = en;
			hasScannedForEncodings = 0;
			knownRegions = (
				en,
				Base,
			);
			mainGroup = 849DBDF8243B802D000DF7A6;
			productRefGroup = 849DBE02243B802D000DF7A6 /* Products */;
			projectDirPath = "";
			projectRoot = "";
			targets = (
				849DBE00243B802D000DF7A6 /* iChat */,
			);
		};
/* End PBXProject section */

/* Begin PBXResourcesBuildPhase section */
		849DBDFF243B802D000DF7A6 /* Resources */ = {
			isa = PBXResourcesBuildPhase;
			buildActionMask = 2147483647;
			files = (
				84194F93247820F900FC8D6F /* users.json in Resources */,
				849DBE11243B8033000DF7A6 /* LaunchScreen.storyboard in Resources */,
				84194F7F246AF46E00FC8D6F /* activeChats.json in Resources */,
				849DBE0E243B8033000DF7A6 /* Assets.xcassets in Resources */,
				84194F81246AF48500FC8D6F /* waitingChats.json in Resources */,
			);
			runOnlyForDeploymentPostprocessing = 0;
		};
/* End PBXResourcesBuildPhase section */

/* Begin PBXSourcesBuildPhase section */
		849DBDFD243B802D000DF7A6 /* Sources */ = {
			isa = PBXSourcesBuildPhase;
			buildActionMask = 2147483647;
			files = (
				84194F97247821CB00FC8D6F /* MChat.swift in Sources */,
				849129ED2440C4A4007EB251 /* OneLineTextField.swift in Sources */,
				849129EB2440C053007EB251 /* SignUpViewController.swift in Sources */,
				84194F8D2472D55F00FC8D6F /* SectionHeader.swift in Sources */,
				84194F86246D94CA00FC8D6F /* GradientView.swift in Sources */,
				849DBE1B243CD145000DF7A6 /* UIFont + Extension.swift in Sources */,
				849DBE09243B802D000DF7A6 /* AuthViewController.swift in Sources */,
				84194F95247821BC00FC8D6F /* MUser.swift in Sources */,
				84194F84246C3BB900FC8D6F /* ActiveChatCell.swift in Sources */,
				8421CF10244DF30600EB57C3 /* SetupProfileViewController.swift in Sources */,
				84E2D2C9245096AC00FE0A06 /* PeopleViewController.swift in Sources */,
				849DBE1F243CD559000DF7A6 /* UILabel + Extension.swift in Sources */,
				84194F79246AEECD00FC8D6F /* Bundle-Decodable.swift in Sources */,
				849129E7243E12D0007EB251 /* ButtonFormView.swift in Sources */,
				8421CF12244DF68100EB57C3 /* AddPhotoView.swift in Sources */,
				849DBE05243B802D000DF7A6 /* AppDelegate.swift in Sources */,
				84DAE245243CD7E4008A30B1 /* UIImageView + Extension.swift in Sources */,
				8421CF14244F447700EB57C3 /* SegmentedControl + Extension.swift in Sources */,
				849DBE1D243CD298000DF7A6 /* UIColor + Extension.swift in Sources */,
				849DBE07243B802D000DF7A6 /* SceneDelegate.swift in Sources */,
				84704EB6247D66AA0091EC77 /* UserCell.swift in Sources */,
				84704EB8247D69540091EC77 /* UIViewController + Extension.swift in Sources */,
				84194F8A246EE1E300FC8D6F /* SelfConfiguringCell.swift in Sources */,
				84194F88246EE0AA00FC8D6F /* WaitingChatCell.swift in Sources */,
				849DBE19243CCD4E000DF7A6 /* UIButton + Extension.swift in Sources */,
				84E2D2C7245094D000FE0A06 /* ListViewController.swift in Sources */,
				84626D042444B4C000EE6169 /* LoginViewController.swift in Sources */,
				849129E9243E18E9007EB251 /* StackView + Extension.swift in Sources */,
				84E2D2C42450941C00FE0A06 /* MainTabBarController.swift in Sources */,
			);
			runOnlyForDeploymentPostprocessing = 0;
		};
/* End PBXSourcesBuildPhase section */

/* Begin PBXVariantGroup section */
		849DBE0F243B8033000DF7A6 /* LaunchScreen.storyboard */ = {
			isa = PBXVariantGroup;
			children = (
				849DBE10243B8033000DF7A6 /* Base */,
			);
			name = LaunchScreen.storyboard;
			sourceTree = "<group>";
		};
/* End PBXVariantGroup section */

/* Begin XCBuildConfiguration section */
		849DBE13243B8033000DF7A6 /* Debug */ = {
			isa = XCBuildConfiguration;
			buildSettings = {
				ALWAYS_SEARCH_USER_PATHS = NO;
				CLANG_ANALYZER_NONNULL = YES;
				CLANG_ANALYZER_NUMBER_OBJECT_CONVERSION = YES_AGGRESSIVE;
				CLANG_CXX_LANGUAGE_STANDARD = "gnu++14";
				CLANG_CXX_LIBRARY = "libc++";
				CLANG_ENABLE_MODULES = YES;
				CLANG_ENABLE_OBJC_ARC = YES;
				CLANG_ENABLE_OBJC_WEAK = YES;
				CLANG_WARN_BLOCK_CAPTURE_AUTORELEASING = YES;
				CLANG_WARN_BOOL_CONVERSION = YES;
				CLANG_WARN_COMMA = YES;
				CLANG_WARN_CONSTANT_CONVERSION = YES;
				CLANG_WARN_DEPRECATED_OBJC_IMPLEMENTATIONS = YES;
				CLANG_WARN_DIRECT_OBJC_ISA_USAGE = YES_ERROR;
				CLANG_WARN_DOCUMENTATION_COMMENTS = YES;
				CLANG_WARN_EMPTY_BODY = YES;
				CLANG_WARN_ENUM_CONVERSION = YES;
				CLANG_WARN_INFINITE_RECURSION = YES;
				CLANG_WARN_INT_CONVERSION = YES;
				CLANG_WARN_NON_LITERAL_NULL_CONVERSION = YES;
				CLANG_WARN_OBJC_IMPLICIT_RETAIN_SELF = YES;
				CLANG_WARN_OBJC_LITERAL_CONVERSION = YES;
				CLANG_WARN_OBJC_ROOT_CLASS = YES_ERROR;
				CLANG_WARN_RANGE_LOOP_ANALYSIS = YES;
				CLANG_WARN_STRICT_PROTOTYPES = YES;
				CLANG_WARN_SUSPICIOUS_MOVE = YES;
				CLANG_WARN_UNGUARDED_AVAILABILITY = YES_AGGRESSIVE;
				CLANG_WARN_UNREACHABLE_CODE = YES;
				CLANG_WARN__DUPLICATE_METHOD_MATCH = YES;
				COPY_PHASE_STRIP = NO;
				DEBUG_INFORMATION_FORMAT = dwarf;
				ENABLE_STRICT_OBJC_MSGSEND = YES;
				ENABLE_TESTABILITY = YES;
				GCC_C_LANGUAGE_STANDARD = gnu11;
				GCC_DYNAMIC_NO_PIC = NO;
				GCC_NO_COMMON_BLOCKS = YES;
				GCC_OPTIMIZATION_LEVEL = 0;
				GCC_PREPROCESSOR_DEFINITIONS = (
					"DEBUG=1",
					"$(inherited)",
				);
				GCC_WARN_64_TO_32_BIT_CONVERSION = YES;
				GCC_WARN_ABOUT_RETURN_TYPE = YES_ERROR;
				GCC_WARN_UNDECLARED_SELECTOR = YES;
				GCC_WARN_UNINITIALIZED_AUTOS = YES_AGGRESSIVE;
				GCC_WARN_UNUSED_FUNCTION = YES;
				GCC_WARN_UNUSED_VARIABLE = YES;
				IPHONEOS_DEPLOYMENT_TARGET = 13.2;
				MTL_ENABLE_DEBUG_INFO = INCLUDE_SOURCE;
				MTL_FAST_MATH = YES;
				ONLY_ACTIVE_ARCH = YES;
				SDKROOT = iphoneos;
				SWIFT_ACTIVE_COMPILATION_CONDITIONS = DEBUG;
				SWIFT_OPTIMIZATION_LEVEL = "-Onone";
			};
			name = Debug;
		};
		849DBE14243B8033000DF7A6 /* Release */ = {
			isa = XCBuildConfiguration;
			buildSettings = {
				ALWAYS_SEARCH_USER_PATHS = NO;
				CLANG_ANALYZER_NONNULL = YES;
				CLANG_ANALYZER_NUMBER_OBJECT_CONVERSION = YES_AGGRESSIVE;
				CLANG_CXX_LANGUAGE_STANDARD = "gnu++14";
				CLANG_CXX_LIBRARY = "libc++";
				CLANG_ENABLE_MODULES = YES;
				CLANG_ENABLE_OBJC_ARC = YES;
				CLANG_ENABLE_OBJC_WEAK = YES;
				CLANG_WARN_BLOCK_CAPTURE_AUTORELEASING = YES;
				CLANG_WARN_BOOL_CONVERSION = YES;
				CLANG_WARN_COMMA = YES;
				CLANG_WARN_CONSTANT_CONVERSION = YES;
				CLANG_WARN_DEPRECATED_OBJC_IMPLEMENTATIONS = YES;
				CLANG_WARN_DIRECT_OBJC_ISA_USAGE = YES_ERROR;
				CLANG_WARN_DOCUMENTATION_COMMENTS = YES;
				CLANG_WARN_EMPTY_BODY = YES;
				CLANG_WARN_ENUM_CONVERSION = YES;
				CLANG_WARN_INFINITE_RECURSION = YES;
				CLANG_WARN_INT_CONVERSION = YES;
				CLANG_WARN_NON_LITERAL_NULL_CONVERSION = YES;
				CLANG_WARN_OBJC_IMPLICIT_RETAIN_SELF = YES;
				CLANG_WARN_OBJC_LITERAL_CONVERSION = YES;
				CLANG_WARN_OBJC_ROOT_CLASS = YES_ERROR;
				CLANG_WARN_RANGE_LOOP_ANALYSIS = YES;
				CLANG_WARN_STRICT_PROTOTYPES = YES;
				CLANG_WARN_SUSPICIOUS_MOVE = YES;
				CLANG_WARN_UNGUARDED_AVAILABILITY = YES_AGGRESSIVE;
				CLANG_WARN_UNREACHABLE_CODE = YES;
				CLANG_WARN__DUPLICATE_METHOD_MATCH = YES;
				COPY_PHASE_STRIP = NO;
				DEBUG_INFORMATION_FORMAT = "dwarf-with-dsym";
				ENABLE_NS_ASSERTIONS = NO;
				ENABLE_STRICT_OBJC_MSGSEND = YES;
				GCC_C_LANGUAGE_STANDARD = gnu11;
				GCC_NO_COMMON_BLOCKS = YES;
				GCC_WARN_64_TO_32_BIT_CONVERSION = YES;
				GCC_WARN_ABOUT_RETURN_TYPE = YES_ERROR;
				GCC_WARN_UNDECLARED_SELECTOR = YES;
				GCC_WARN_UNINITIALIZED_AUTOS = YES_AGGRESSIVE;
				GCC_WARN_UNUSED_FUNCTION = YES;
				GCC_WARN_UNUSED_VARIABLE = YES;
				IPHONEOS_DEPLOYMENT_TARGET = 13.2;
				MTL_ENABLE_DEBUG_INFO = NO;
				MTL_FAST_MATH = YES;
				SDKROOT = iphoneos;
				SWIFT_COMPILATION_MODE = wholemodule;
				SWIFT_OPTIMIZATION_LEVEL = "-O";
				VALIDATE_PRODUCT = YES;
			};
			name = Release;
		};
		849DBE16243B8033000DF7A6 /* Debug */ = {
			isa = XCBuildConfiguration;
			buildSettings = {
				ASSETCATALOG_COMPILER_APPICON_NAME = AppIcon;
				CODE_SIGN_STYLE = Automatic;
				INFOPLIST_FILE = iChat/Info.plist;
				LD_RUNPATH_SEARCH_PATHS = (
					"$(inherited)",
					"@executable_path/Frameworks",
				);
				PRODUCT_BUNDLE_IDENTIFIER = ru.swiftbook.iChat;
				PRODUCT_NAME = "$(TARGET_NAME)";
				SWIFT_VERSION = 5.0;
				TARGETED_DEVICE_FAMILY = "1,2";
			};
			name = Debug;
		};
		849DBE17243B8033000DF7A6 /* Release */ = {
			isa = XCBuildConfiguration;
			buildSettings = {
				ASSETCATALOG_COMPILER_APPICON_NAME = AppIcon;
				CODE_SIGN_STYLE = Automatic;
				INFOPLIST_FILE = iChat/Info.plist;
				LD_RUNPATH_SEARCH_PATHS = (
					"$(inherited)",
					"@executable_path/Frameworks",
				);
				PRODUCT_BUNDLE_IDENTIFIER = ru.swiftbook.iChat;
				PRODUCT_NAME = "$(TARGET_NAME)";
				SWIFT_VERSION = 5.0;
				TARGETED_DEVICE_FAMILY = "1,2";
			};
			name = Release;
		};
/* End XCBuildConfiguration section */

/* Begin XCConfigurationList section */
		849DBDFC243B802D000DF7A6 /* Build configuration list for PBXProject "iChat" */ = {
			isa = XCConfigurationList;
			buildConfigurations = (
				849DBE13243B8033000DF7A6 /* Debug */,
				849DBE14243B8033000DF7A6 /* Release */,
			);
			defaultConfigurationIsVisible = 0;
			defaultConfigurationName = Release;
		};
		849DBE15243B8033000DF7A6 /* Build configuration list for PBXNativeTarget "iChat" */ = {
			isa = XCConfigurationList;
			buildConfigurations = (
				849DBE16243B8033000DF7A6 /* Debug */,
				849DBE17243B8033000DF7A6 /* Release */,
			);
			defaultConfigurationIsVisible = 0;
			defaultConfigurationName = Release;
		};
/* End XCConfigurationList section */
	};
	rootObject = 849DBDF9243B802D000DF7A6 /* Project object */;
}
